<?xml version="1.0" encoding="utf-8"?>
<Project ToolsVersion="4.0" xmlns="http://schemas.microsoft.com/developer/msbuild/2003">
  <ItemGroup>
    <FxCompile Include="ColorPixelShader.hlsl">
      <Filter>Shaders</Filter>
    </FxCompile>
    <FxCompile Include="ColorVertexShader.hlsl">
      <Filter>Shaders</Filter>
    </FxCompile>
    <FxCompile Include="DeferredPixelShader.hlsl">
      <Filter>Shaders</Filter>
    </FxCompile>
    <FxCompile Include="DeferredVertexShader.hlsl">
      <Filter>Shaders</Filter>
    </FxCompile>
    <FxCompile Include="GeometryShader.hlsl">
      <Filter>Shaders</Filter>
    </FxCompile>
    <FxCompile Include="PixelShader.hlsl">
      <Filter>Shaders</Filter>
    </FxCompile>
    <FxCompile Include="ShadowPixelShader.hlsl">
      <Filter>Shaders</Filter>
    </FxCompile>
    <FxCompile Include="ShadowVertexShader.hlsl">
      <Filter>Shaders</Filter>
    </FxCompile>
    <FxCompile Include="VertexShader.hlsl">
      <Filter>Shaders</Filter>
    </FxCompile>
  </ItemGroup>
  <ItemGroup>
    <ClCompile Include="CameraHandler.cpp">
      <Filter>Source</Filter>
    </ClCompile>
    <ClCompile Include="ColorShaderHandler.cpp">
      <Filter>Source</Filter>
    </ClCompile>
    <ClCompile Include="D3DHandler.cpp">
      <Filter>Source</Filter>
    </ClCompile>
    <ClCompile Include="Font.cpp">
      <Filter>Source</Filter>
    </ClCompile>
    <ClCompile Include="FontShaderHandler.cpp">
      <Filter>Source</Filter>
    </ClCompile>
    <ClCompile Include="Frustum.cpp">
      <Filter>Source</Filter>
    </ClCompile>
    <ClCompile Include="GroundModel.cpp">
      <Filter>Source</Filter>
    </ClCompile>
    <ClCompile Include="GraphicsHandler.cpp">
      <Filter>Source</Filter>
    </ClCompile>
    <ClCompile Include="HeightMap.cpp">
      <Filter>Source</Filter>
    </ClCompile>
    <ClCompile Include="InputHandler.cpp">
      <Filter>Source</Filter>
    </ClCompile>
    <ClCompile Include="main.cpp">
      <Filter>Source</Filter>
    </ClCompile>
    <ClCompile Include="ModelHandler.cpp">
      <Filter>Source</Filter>
    </ClCompile>
    <ClCompile Include="Model.cpp">
      <Filter>Source</Filter>
    </ClCompile>
    <ClCompile Include="ModelWindow.cpp">
      <Filter>Source</Filter>
    </ClCompile>
    <ClCompile Include="ShaderHandler.cpp">
      <Filter>Source</Filter>
    </ClCompile>
    <ClCompile Include="ShadowShaderHandler.cpp">
      <Filter>Source</Filter>
    </ClCompile>
    <ClCompile Include="SystemHandler.cpp">
      <Filter>Source</Filter>
    </ClCompile>
    <ClCompile Include="TextHandler.cpp">
      <Filter>Source</Filter>
    </ClCompile>
    <ClCompile Include="Texture.cpp">
      <Filter>Source</Filter>
    </ClCompile>
  </ItemGroup>
  <ItemGroup>
    <ClInclude Include="BBModel.h">
      <Filter>Headers</Filter>
    </ClInclude>
    <ClInclude Include="CameraHandler.h">
      <Filter>Headers</Filter>
    </ClInclude>
    <ClInclude Include="ColorShaderHandler.h">
      <Filter>Headers</Filter>
    </ClInclude>
    <ClInclude Include="D3DHandler.h">
      <Filter>Headers</Filter>
    </ClInclude>
    <ClInclude Include="Font.h">
      <Filter>Headers</Filter>
    </ClInclude>
    <ClInclude Include="Frustum.h">
      <Filter>Headers</Filter>
    </ClInclude>
    <ClInclude Include="FontShaderHandler.h">
      <Filter>Headers</Filter>
    </ClInclude>
    <ClInclude Include="GraphicsHandler.h">
      <Filter>Headers</Filter>
    </ClInclude>
    <ClInclude Include="GroundModel.h">
      <Filter>Headers</Filter>
    </ClInclude>
    <ClInclude Include="HeightMap.h">
      <Filter>Headers</Filter>
    </ClInclude>
    <ClInclude Include="InputHandler.h">
      <Filter>Headers</Filter>
    </ClInclude>
    <ClInclude Include="Model.h">
      <Filter>Headers</Filter>
    </ClInclude>
    <ClInclude Include="ModelHandler.h">
      <Filter>Headers</Filter>
    </ClInclude>
    <ClInclude Include="ModelWindow.h">
      <Filter>Headers</Filter>
    </ClInclude>
    <ClInclude Include="ShaderHandler.h">
      <Filter>Headers</Filter>
    </ClInclude>
    <ClInclude Include="SystemHandler.h">
      <Filter>Headers</Filter>
    </ClInclude>
    <ClInclude Include="TextHandler.h">
      <Filter>Headers</Filter>
    </ClInclude>
    <ClInclude Include="Texture.h">
      <Filter>Headers</Filter>
    </ClInclude>
    <ClInclude Include="ShadowShaderHandler.h">
      <Filter>Headers</Filter>
    </ClInclude>
  </ItemGroup>
  <ItemGroup>
    <Filter Include="Headers">
      <UniqueIdentifier>{191ea855-bb88-48cf-b145-974dc7b37f35}</UniqueIdentifier>
    </Filter>
    <Filter Include="Shaders">
      <UniqueIdentifier>{3f38dbab-d6d2-48cd-a7df-aea64bd5e233}</UniqueIdentifier>
    </Filter>
    <Filter Include="Source">
      <UniqueIdentifier>{0fec784c-2017-4ca9-8ffb-dca7da3770b2}</UniqueIdentifier>
    </Filter>
  </ItemGroup>
</Project>